
Microsoft Visual Studio Solution File, Format Version 12.00
# Visual Studio 2013
VisualStudioVersion = 12.0.31101.0
MinimumVisualStudioVersion = 10.0.40219.1
Project("{FAE04EC0-301F-11D3-BF4B-00C04F79EFBC}") = "ModernPrism", "ModernPrism\ModernPrism.csproj", "{5D33DA56-788D-441B-96B1-E67887F70F2E}"
EndProject
Project("{FAE04EC0-301F-11D3-BF4B-00C04F79EFBC}") = "ModernPrism.Infrastructure", "ModernPrism.Infrastructure\ModernPrism.Infrastructure.csproj", "{2E0CC1E5-9715-4389-A8A8-AAED76B405C3}"
EndProject
Project("{FAE04EC0-301F-11D3-BF4B-00C04F79EFBC}") = "ModernPrism.Modules.MyModule", "ModernPrism.Modules.MyModule\ModernPrism.Modules.MyModule.csproj", "{2AB0902B-106C-4ACB-A339-779548C31B96}"
EndProject
Global
	GlobalSection(SolutionConfigurationPlatforms) = preSolution
		Debug|Any CPU = Debug|Any CPU
		Release|Any CPU = Release|Any CPU
	EndGlobalSection
	GlobalSection(ProjectConfigurationPlatforms) = postSolution
		{5D33DA56-788D-441B-96B1-E67887F70F2E}.Debug|Any CPU.ActiveCfg = Debug|Any CPU
		{5D33DA56-788D-441B-96B1-E67887F70F2E}.Debug|Any CPU.Build.0 = Debug|Any CPU
		{5D33DA56-788D-441B-96B1-E67887F70F2E}.Release|Any CPU.ActiveCfg = Release|Any CPU
		{5D33DA56-788D-441B-96B1-E67887F70F2E}.Release|Any CPU.Build.0 = Release|Any CPU
		{2E0CC1E5-9715-4389-A8A8-AAED76B405C3}.Debug|Any CPU.ActiveCfg = Debug|Any CPU
		{2E0CC1E5-9715-4389-A8A8-AAED76B405C3}.Debug|Any CPU.Build.0 = Debug|Any CPU
		{2E0CC1E5-9715-4389-A8A8-AAED76B405C3}.Release|Any CPU.ActiveCfg = Release|Any CPU
		{2E0CC1E5-9715-4389-A8A8-AAED76B405C3}.Release|Any CPU.Build.0 = Release|Any CPU
		{2AB0902B-106C-4ACB-A339-779548C31B96}.Debug|Any CPU.ActiveCfg = Debug|Any CPU
		{2AB0902B-106C-4ACB-A339-779548C31B96}.Debug|Any CPU.Build.0 = Debug|Any CPU
		{2AB0902B-106C-4ACB-A339-779548C31B96}.Release|Any CPU.ActiveCfg = Release|Any CPU
		{2AB0902B-106C-4ACB-A339-779548C31B96}.Release|Any CPU.Build.0 = Release|Any CPU
	EndGlobalSection
	GlobalSection(SolutionProperties) = preSolution
		HideSolutionNode = FALSE
	EndGlobalSection
EndGlobal
